// !$*UTF8*$!
{
	archiveVersion = 1;
	classes = {
	};
	objectVersion = 46;
	objects = {

/* Begin PBXBuildFile section */
		E94A0BFD1F60DC94000CE429 /* AppDelegate.swift in Sources */ = {isa = PBXBuildFile; fileRef = E94A0BFC1F60DC94000CE429 /* AppDelegate.swift */; };
		E94A0BFF1F60DC94000CE429 /* ViewController.swift in Sources */ = {isa = PBXBuildFile; fileRef = E94A0BFE1F60DC94000CE429 /* ViewController.swift */; };
		E94A0C021F60DC94000CE429 /* Main.storyboard in Resources */ = {isa = PBXBuildFile; fileRef = E94A0C001F60DC94000CE429 /* Main.storyboard */; };
		E94A0C041F60DC94000CE429 /* Assets.xcassets in Resources */ = {isa = PBXBuildFile; fileRef = E94A0C031F60DC94000CE429 /* Assets.xcassets */; };
		E94A0C071F60DC94000CE429 /* LaunchScreen.storyboard in Resources */ = {isa = PBXBuildFile; fileRef = E94A0C051F60DC94000CE429 /* LaunchScreen.storyboard */; };
/* End PBXBuildFile section */

/* Begin PBXFileReference section */
		E94A0BF91F60DC94000CE429 /* MAPD714-F2017-HelloWorld.app */ = {isa = PBXFileReference; explicitFileType = wrapper.application; includeInIndex = 0; path = "MAPD714-F2017-HelloWorld.app"; sourceTree = BUILT_PRODUCTS_DIR; };
		E94A0BFC1F60DC94000CE429 /* AppDelegate.swift */ = {isa = PBXFileReference; lastKnownFileType = sourcecode.swift; path = AppDelegate.swift; sourceTree = "<group>"; };
		E94A0BFE1F60DC94000CE429 /* ViewController.swift */ = {isa = PBXFileReference; lastKnownFileType = sourcecode.swift; path = ViewController.swift; sourceTree = "<group>"; };
		E94A0C011F60DC94000CE429 /* Base */ = {isa = PBXFileReference; lastKnownFileType = file.storyboard; name = Base; path = Base.lproj/Main.storyboard; sourceTree = "<group>"; };
		E94A0C031F60DC94000CE429 /* Assets.xcassets */ = {isa = PBXFileReference; lastKnownFileType = folder.assetcatalog; path = Assets.xcassets; sourceTree = "<group>"; };
		E94A0C061F60DC94000CE429 /* Base */ = {isa = PBXFileReference; lastKnownFileType = file.storyboard; name = Base; path = Base.lproj/LaunchScreen.storyboard; sourceTree = "<group>"; };
		E94A0C081F60DC94000CE429 /* Info.plist */ = {isa = PBXFileReference; lastKnownFileType = text.plist.xml; path = Info.plist; sourceTree = "<group>"; };
/* End PBXFileReference section */

/* Begin PBXFrameworksBuildPhase section */
		E94A0BF61F60DC94000CE429 /* Frameworks */ = {
			isa = PBXFrameworksBuildPhase;
			buildActionMask = 2147483647;
			files = (
			);
			runOnlyForDeploymentPostprocessing = 0;
		};
/* End PBXFrameworksBuildPhase section */

/* Begin PBXGroup section */
		E94A0BF01F60DC94000CE429 = {
			isa = PBXGroup;
			children = (
				E94A0BFB1F60DC94000CE429 /* MAPD714-F2017-HelloWorld */,
				E94A0BFA1F60DC94000CE429 /* Products */,
			);
			sourceTree = "<group>";
		};
		E94A0BFA1F60DC94000CE429 /* Products */ = {
			isa = PBXGroup;
			children = (
				E94A0BF91F60DC94000CE429 /* MAPD714-F2017-HelloWorld.app */,
			);
			name = Products;
			sourceTree = "<group>";
		};
		E94A0BFB1F60DC94000CE429 /* MAPD714-F2017-HelloWorld */ = {
			isa = PBXGroup;
			children = (
				E94A0BFC1F60DC94000CE429 /* AppDelegate.swift */,
				E94A0BFE1F60DC94000CE429 /* ViewController.swift */,
				E94A0C001F60DC94000CE429 /* Main.storyboard */,
				E94A0C031F60DC94000CE429 /* Assets.xcassets */,
				E94A0C051F60DC94000CE429 /* LaunchScreen.storyboard */,
				E94A0C081F60DC94000CE429 /* Info.plist */,
			);
			path = "MAPD714-F2017-HelloWorld";
			sourceTree = "<group>";
		};
/* End PBXGroup section */

/* Begin PBXNativeTarget section */
		E94A0BF81F60DC94000CE429 /* MAPD714-F2017-HelloWorld */ = {
			isa = PBXNativeTarget;
			buildConfigurationList = E94A0C0B1F60DC94000CE429 /* Build configuration list for PBXNativeTarget "MAPD714-F2017-HelloWorld" */;
			buildPhases = (
				E94A0BF51F60DC94000CE429 /* Sources */,
				E94A0BF61F60DC94000CE429 /* Frameworks */,
				E94A0BF71F60DC94000CE429 /* Resources */,
			);
			buildRules = (
			);
			dependencies = (
			);
			name = "MAPD714-F2017-HelloWorld";
			productName = "MAPD714-F2017-HelloWorld";
			productReference = E94A0BF91F60DC94000CE429 /* MAPD714-F2017-HelloWorld.app */;
			productType = "com.apple.product-type.application";
		};
/* End PBXNativeTarget section */

/* Begin PBXProject section */
		E94A0BF11F60DC94000CE429 /* Project object */ = {
			isa = PBXProject;
			attributes = {
				LastSwiftUpdateCheck = 0830;
				LastUpgradeCheck = 0830;
				ORGANIZATIONNAME = "Tom Tsiliopoulos";
				TargetAttributes = {
					E94A0BF81F60DC94000CE429 = {
						CreatedOnToolsVersion = 8.3.3;
						DevelopmentTeam = 2BULHRS882;
						ProvisioningStyle = Automatic;
					};
				};
			};
			buildConfigurationList = E94A0BF41F60DC94000CE429 /* Build configuration list for PBXProject "MAPD714-F2017-HelloWorld" */;
			compatibilityVersion = "Xcode 3.2";
			developmentRegion = English;
			hasScannedForEncodings = 0;
			knownRegions = (
				en,
				Base,
			);
			mainGroup = E94A0BF01F60DC94000CE429;
			productRefGroup = E94A0BFA1F60DC94000CE429 /* Products */;
			projectDirPath = "";
			projectRoot = "";
			targets = (
				E94A0BF81F60DC94000CE429 /* MAPD714-F2017-HelloWorld */,
			);
		};
/* End PBXProject section */

/* Begin PBXResourcesBuildPhase section */
		E94A0BF71F60DC94000CE429 /* Resources */ = {
			isa = PBXResourcesBuildPhase;
			buildActionMask = 2147483647;
			files = (
				E94A0C071F60DC94000CE429 /* LaunchScreen.storyboard in Resources */,
				E94A0C041F60DC94000CE429 /* Assets.xcassets in Resources */,
				E94A0C021F60DC94000CE429 /* Main.storyboard in Resources */,
			);
			runOnlyForDeploymentPostprocessing = 0;
		};
/* End PBXResourcesBuildPhase section */

/* Begin PBXSourcesBuildPhase section */
		E94A0BF51F60DC94000CE429 /* Sources */ = {
			isa = PBXSourcesBuildPhase;
			buildActionMask = 2147483647;
			files = (
				E94A0BFF1F60DC94000CE429 /* ViewController.swift in Sources */,
				E94A0BFD1F60DC94000CE429 /* AppDelegate.swift in Sources */,
			);
			runOnlyForDeploymentPostprocessing = 0;
		};
/* End PBXSourcesBuildPhase section */

/* Begin PBXVariantGroup section */
		E94A0C001F60DC94000CE429 /* Main.storyboard */ = {
			isa = PBXVariantGroup;
			children = (
				E94A0C011F60DC94000CE429 /* Base */,
			);
			name = Main.storyboard;
			sourceTree = "<group>";
		};
		E94A0C051F60DC94000CE429 /* LaunchScreen.storyboard */ = {
			isa = PBXVariantGroup;
			children = (
				E94A0C061F60DC94000CE429 /* Base */,
			);
			name = LaunchScreen.storyboard;
			sourceTree = "<group>";
		};
/* End PBXVariantGroup section */

/* Begin XCBuildConfiguration section */
		E94A0C091F60DC94000CE429 /* Debug */ = {
			isa = XCBuildConfiguration;
			buildSettings = {
				ALWAYS_SEARCH_USER_PATHS = NO;
				CLANG_ANALYZER_NONNULL = YES;
				CLANG_ANALYZER_NUMBER_OBJECT_CONVERSION = YES_AGGRESSIVE;
				CLANG_CXX_LANGUAGE_STANDARD = "gnu++0x";
				CLANG_CXX_LIBRARY = "libc++";
				CLANG_ENABLE_MODULES = YES;
				CLANG_ENABLE_OBJC_ARC = YES;
				CLANG_WARN_BOOL_CONVERSION = YES;
				CLANG_WARN_CONSTANT_CONVERSION = YES;
				CLANG_WARN_DIRECT_OBJC_ISA_USAGE = YES_ERROR;
				CLANG_WARN_DOCUMENTATION_COMMENTS = YES;
				CLANG_WARN_EMPTY_BODY = YES;
				CLANG_WARN_ENUM_CONVERSION = YES;
				CLANG_WARN_INFINITE_RECURSION = YES;
				CLANG_WARN_INT_CONVERSION = YES;
				CLANG_WARN_OBJC_ROOT_CLASS = YES_ERROR;
				CLANG_WARN_SUSPICIOUS_MOVE = YES;
				CLANG_WARN_UNREACHABLE_CODE = YES;
				CLANG_WARN__DUPLICATE_METHOD_MATCH = YES;
				"CODE_SIGN_IDENTITY[sdk=iphoneos*]" = "iPhone Developer";
				COPY_PHASE_STRIP = NO;
				DEBUG_INFORMATION_FORMAT = dwarf;
				ENABLE_STRICT_OBJC_MSGSEND = YES;
				ENABLE_TESTABILITY = YES;
				GCC_C_LANGUAGE_STANDARD = gnu99;
				GCC_DYNAMIC_NO_PIC = NO;
				GCC_NO_COMMON_BLOCKS = YES;
				GCC_OPTIMIZATION_LEVEL = 0;
				GCC_PREPROCESSOR_DEFINITIONS = (
					"DEBUG=1",
					"$(inherited)",
				);
				GCC_WARN_64_TO_32_BIT_CONVERSION = YES;
				GCC_WARN_ABOUT_RETURN_TYPE = YES_ERROR;
				GCC_WARN_UNDECLARED_SELECTOR = YES;
				GCC_WARN_UNINITIALIZED_AUTOS = YES_AGGRESSIVE;
				GCC_WARN_UNUSED_FUNCTION = YES;
				GCC_WARN_UNUSED_VARIABLE = YES;
				IPHONEOS_DEPLOYMENT_TARGET = 10.3;
				MTL_ENABLE_DEBUG_INFO = YES;
				ONLY_ACTIVE_ARCH = YES;
				SDKROOT = iphoneos;
				SWIFT_ACTIVE_COMPILATION_CONDITIONS = DEBUG;
				SWIFT_OPTIMIZATION_LEVEL = "-Onone";
			};
			name = Debug;
		};
		E94A0C0A1F60DC94000CE429 /* Release */ = {
			isa = XCBuildConfiguration;
			buildSettings = {
				ALWAYS_SEARCH_USER_PATHS = NO;
				CLANG_ANALYZER_NONNULL = YES;
				CLANG_ANALYZER_NUMBER_OBJECT_CONVERSION = YES_AGGRESSIVE;
				CLANG_CXX_LANGUAGE_STANDARD = "gnu++0x";
				CLANG_CXX_LIBRARY = "libc++";
				CLANG_ENABLE_MODULES = YES;
				CLANG_ENABLE_OBJC_ARC = YES;
				CLANG_WARN_BOOL_CONVERSION = YES;
				CLANG_WARN_CONSTANT_CONVERSION = YES;
				CLANG_WARN_DIRECT_OBJC_ISA_USAGE = YES_ERROR;
				CLANG_WARN_DOCUMENTATION_COMMENTS = YES;
				CLANG_WARN_EMPTY_BODY = YES;
				CLANG_WARN_ENUM_CONVERSION = YES;
				CLANG_WARN_INFINITE_RECURSION = YES;
				CLANG_WARN_INT_CONVERSION = YES;
				CLANG_WARN_OBJC_ROOT_CLASS = YES_ERROR;
				CLANG_WARN_SUSPICIOUS_MOVE = YES;
				CLANG_WARN_UNREACHABLE_CODE = YES;
				CLANG_WARN__DUPLICATE_METHOD_MATCH = YES;
				"CODE_SIGN_IDENTITY[sdk=iphoneos*]" = "iPhone Developer";
				COPY_PHASE_STRIP = NO;
				DEBUG_INFORMATION_FORMAT = "dwarf-with-dsym";
				ENABLE_NS_ASSERTIONS = NO;
				ENABLE_STRICT_OBJC_MSGSEND = YES;
				GCC_C_LANGUAGE_STANDARD = gnu99;
				GCC_NO_COMMON_BLOCKS = YES;
				GCC_WARN_64_TO_32_BIT_CONVERSION = YES;
				GCC_WARN_ABOUT_RETURN_TYPE = YES_ERROR;
				GCC_WARN_UNDECLARED_SELECTOR = YES;
				GCC_WARN_UNINITIALIZED_AUTOS = YES_AGGRESSIVE;
				GCC_WARN_UNUSED_FUNCTION = YES;
				GCC_WARN_UNUSED_VARIABLE = YES;
				IPHONEOS_DEPLOYMENT_TARGET = 10.3;
				MTL_ENABLE_DEBUG_INFO = NO;
				SDKROOT = iphoneos;
				SWIFT_OPTIMIZATION_LEVEL = "-Owholemodule";
				VALIDATE_PRODUCT = YES;
			};
			name = Release;
		};
		E94A0C0C1F60DC94000CE429 /* Debug */ = {
			isa = XCBuildConfiguration;
			buildSettings = {
				ASSETCATALOG_COMPILER_APPICON_NAME = AppIcon;
				DEVELOPMENT_TEAM = 2BULHRS882;
				INFOPLIST_FILE = "MAPD714-F2017-HelloWorld/Info.plist";
				LD_RUNPATH_SEARCH_PATHS = "$(inherited) @executable_path/Frameworks";
				PRODUCT_BUNDLE_IDENTIFIER = "ca.centennialcollege.MAPD714-F2017-HelloWorld";
				PRODUCT_NAME = "$(TARGET_NAME)";
				SWIFT_VERSION = 3.0;
			};
			name = Debug;
		};
		E94A0C0D1F60DC94000CE429 /* Release */ = {
			isa = XCBuildConfiguration;
			buildSettings = {
				ASSETCATALOG_COMPILER_APPICON_NAME = AppIcon;
				DEVELOPMENT_TEAM = 2BULHRS882;
				INFOPLIST_FILE = "MAPD714-F2017-HelloWorld/Info.plist";
				LD_RUNPATH_SEARCH_PATHS = "$(inherited) @executable_path/Frameworks";
				PRODUCT_BUNDLE_IDENTIFIER = "ca.centennialcollege.MAPD714-F2017-HelloWorld";
				PRODUCT_NAME = "$(TARGET_NAME)";
				SWIFT_VERSION = 3.0;
			};
			name = Release;
		};
/* End XCBuildConfiguration section */

/* Begin XCConfigurationList section */
		E94A0BF41F60DC94000CE429 /* Build configuration list for PBXProject "MAPD714-F2017-HelloWorld" */ = {
			isa = XCConfigurationList;
			buildConfigurations = (
				E94A0C091F60DC94000CE429 /* Debug */,
				E94A0C0A1F60DC94000CE429 /* Release */,
			);
			defaultConfigurationIsVisible = 0;
			defaultConfigurationName = Release;
		};
		E94A0C0B1F60DC94000CE429 /* Build configuration list for PBXNativeTarget "MAPD714-F2017-HelloWorld" */ = {
			isa = XCConfigurationList;
			buildConfigurations = (
				E94A0C0C1F60DC94000CE429 /* Debug */,
				E94A0C0D1F60DC94000CE429 /* Release */,
			);
			defaultConfigurationIsVisible = 0;
		};
/* End XCConfigurationList section */
	};
	rootObject = E94A0BF11F60DC94000CE429 /* Project object */;
}
